PODS:
  - clipboard_manager (0.0.3):
    - Flutter
  - Flutter (1.0.0)
  - SCGateway (2.9.7)
  - scgateway_flutter_plugin (0.0.1):
    - Flutter
    - SCGateway (= 2.9.7)

DEPENDENCIES:
  - clipboard_manager (from `.symlinks/plugins/clipboard_manager/ios`)
  - Flutter (from `Flutter`)
  - scgateway_flutter_plugin (from `.symlinks/plugins/scgateway_flutter_plugin/ios`)

SPEC REPOS:
  https://gitlab.com/scGatewayOS/cocoapodspecs.git:
    - SCGateway

EXTERNAL SOURCES:
  clipboard_manager:
    :path: ".symlinks/plugins/clipboard_manager/ios"
  Flutter:
    :path: Flutter
  scgateway_flutter_plugin:
    :path: ".symlinks/plugins/scgateway_flutter_plugin/ios"

SPEC CHECKSUMS:
  clipboard_manager: 8cf8665095a6bb01545b4e381c798d40aa5e0fe5
  Flutter: 0e3d915762c693b495b44d77113d4970485de6ec
  SCGateway: 95849783413973786e0a280b597b96836ce9d2c2
  scgateway_flutter_plugin: 5784fde2c3ef0899545e3fa40cb480682650b45e

PODFILE CHECKSUM: 216880583ab40e0c419793e80e5fb1efe547777f

COCOAPODS: 1.10.1
