PODS:
  - clipboard_manager (0.0.3):
    - Flutter
  - Flutter (1.0.0)
  - SCGateway (2.7.2)
  - scgateway_flutter_plugin (0.0.1):
    - Flutter
    - SCGateway (~> 2.7.2)

DEPENDENCIES:
  - clipboard_manager (from `.symlinks/plugins/clipboard_manager/ios`)
  - Flutter (from `Flutter`)
  - scgateway_flutter_plugin (from `.symlinks/plugins/scgateway_flutter_plugin/ios`)

SPEC REPOS:
  https://gitlab.com/scGatewayOS/cocoapodspecs.git:
    - SCGateway

EXTERNAL SOURCES:
  clipboard_manager:
    :path: ".symlinks/plugins/clipboard_manager/ios"
  Flutter:
    :path: Flutter
  scgateway_flutter_plugin:
    :path: ".symlinks/plugins/scgateway_flutter_plugin/ios"

SPEC CHECKSUMS:
  clipboard_manager: f4800834e62cc26b1cc4e0a92a35cd452dd8b827
  Flutter: 0e3d915762c693b495b44d77113d4970485de6ec
  SCGateway: 39af836a6322479ac780b4c97a85388ed9eed961
  scgateway_flutter_plugin: 01fa00f5eca24407bd1e020f3ff50fdd45676b30

PODFILE CHECKSUM: bc2dba1d8b4d5481a24e3df5b3ef843aa36f380a

COCOAPODS: 1.9.3
