PODS:
  - Flutter (1.0.0)
  - Mixpanel-swift (5.1.0):
    - Mixpanel-swift/Complete (= 5.1.0)
  - Mixpanel-swift/Complete (5.1.0)
  - mixpanel_flutter (2.4.4):
    - Flutter
    - Mixpanel-swift (= 5.1.0)
  - SCGateway (7.2.0)
  - scgateway_flutter_plugin (0.0.1):
    - Flutter
    - SCGateway (= 7.2.0)
  - scloans (0.0.1):
    - Flutter
    - SCLoans-fix-loans-webview-download-patch-ec20dca (= 7.3.0-46-release)
  - SCLoans-fix-loans-webview-download-patch-ec20dca (7.3.0-46-release)

DEPENDENCIES:
  - Flutter (from `Flutter`)
  - mixpanel_flutter (from `.symlinks/plugins/mixpanel_flutter/ios`)
  - scgateway_flutter_plugin (from `.symlinks/plugins/scgateway_flutter_plugin/ios`)
  - scloans (from `.symlinks/plugins/scloans/ios`)

SPEC REPOS:
  https://github.com/smallcase/cocoapodspec-internal.git:
    - SCLoans-fix-loans-webview-download-patch-ec20dca
  trunk:
    - Mixpanel-swift
    - SCGateway

EXTERNAL SOURCES:
  Flutter:
    :path: Flutter
  mixpanel_flutter:
    :path: ".symlinks/plugins/mixpanel_flutter/ios"
  scgateway_flutter_plugin:
    :path: ".symlinks/plugins/scgateway_flutter_plugin/ios"
  scloans:
    :path: ".symlinks/plugins/scloans/ios"

SPEC CHECKSUMS:
  Flutter: cabc95a1d2626b1b06e7179b784ebcf0c0cde467
  Mixpanel-swift: 7b26468fc0e2e521104e51d65c4bbf7cab8162f8
  mixpanel_flutter: a0b6b937035899cd01951735ad5f87718b2ffee5
  SCGateway: 8089d79c55ecc8e7b581e0bf56fd28a2e3d957d0
  scgateway_flutter_plugin: 2ab3f2036d213e2bc8c77cb34e9d8dc39541d458
  scloans: a760796267e07fc2399e9f101ae7e81d033ce6d6
  SCLoans-fix-loans-webview-download-patch-ec20dca: c4313c17c76ef8b36b4033b09143d8ffb0f08e98

PODFILE CHECKSUM: 06f3d79628f5881e8468842b1f97f7d12c291209

COCOAPODS: 1.16.2
