PODS:
  - Flutter (1.0.0)
  - Mixpanel-swift (4.2.7):
    - Mixpanel-swift/Complete (= 4.2.7)
  - Mixpanel-swift/Complete (4.2.7)
  - SCGateway (4.4.0):
    - Mixpanel-swift (~> 4.2.5)
  - scgateway_flutter_plugin (0.0.1):
    - Flutter
    - SCGateway (= 4.4.0)
  - scloans (0.0.1):
    - Flutter
    - SCLoans (= 4.0.0)
  - SCLoans (4.0.0):
    - Mixpanel-swift (~> 4.2.5)

DEPENDENCIES:
  - Flutter (from `Flutter`)
  - scgateway_flutter_plugin (from `.symlinks/plugins/scgateway_flutter_plugin/ios`)
  - scloans (from `.symlinks/plugins/scloans/ios`)

SPEC REPOS:
  trunk:
    - Mixpanel-swift
    - SCGateway
    - SCLoans

EXTERNAL SOURCES:
  Flutter:
    :path: Flutter
  scgateway_flutter_plugin:
    :path: ".symlinks/plugins/scgateway_flutter_plugin/ios"
  scloans:
    :path: ".symlinks/plugins/scloans/ios"

SPEC CHECKSUMS:
  Flutter: e0871f40cf51350855a761d2e70bf5af5b9b5de7
  Mixpanel-swift: 7f5b749dbda2708033d67ff3d7a91710468d4a38
  SCGateway: e8ccea08c14c95cc57461b3942b0f80638485d6a
  scgateway_flutter_plugin: bcae66b8c938b2921cccf0cb3bc20154521e0d38
  SCLoans: 5e6dd77a7b31bd3ea5acaaee8e22d57ee1609525
  scloans: ff01f22aaf6a6e1f1d631f5d61e9af5740752185

PODFILE CHECKSUM: 32b0659ca3529b1ef2c9e5c229290749c8c79710

COCOAPODS: 1.16.2
