{
  "object": {
    "pins": [
      {
        "package": "SCGateway",
        "repositoryURL": "https://gitlab.com/scGatewayOS/SCGatewayPackageIos.git",
        "state": {
          "branch": null,
          "revision": "9e546b61eed131bdbd54c0817af09a29c875baf8",
          "version": "2.2.0"
        }
      }
    ]
  },
  "version": 1
}
